
Microsoft Visual Studio Solution File, Format Version 12.00
# Visual Studio Version 16
VisualStudioVersion = 16.0.28803.156
MinimumVisualStudioVersion = 10.0.40219.1
Project("{FAE04EC0-301F-11D3-BF4B-00C04F79EFBC}") = "WebDiDong", "WebDiDong\WebDiDong.csproj", "{7B7FB115-100E-463E-85CD-B94F8A4A9960}"
EndProject
Global
	GlobalSection(SolutionConfigurationPlatforms) = preSolution
		Debug|Any CPU = Debug|Any CPU
		Release|Any CPU = Release|Any CPU
	EndGlobalSection
	GlobalSection(ProjectConfigurationPlatforms) = postSolution
		{7B7FB115-100E-463E-85CD-B94F8A4A9960}.Debug|Any CPU.ActiveCfg = Debug|Any CPU
		{7B7FB115-100E-463E-85CD-B94F8A4A9960}.Debug|Any CPU.Build.0 = Debug|Any CPU
		{7B7FB115-100E-463E-85CD-B94F8A4A9960}.Release|Any CPU.ActiveCfg = Release|Any CPU
		{7B7FB115-100E-463E-85CD-B94F8A4A9960}.Release|Any CPU.Build.0 = Release|Any CPU
	EndGlobalSection
	GlobalSection(SolutionProperties) = preSolution
		HideSolutionNode = FALSE
	EndGlobalSection
	GlobalSection(ExtensibilityGlobals) = postSolution
		SolutionGuid = {6B06A6D4-C6FB-4133-94BE-C44CE6F2CD56}
	EndGlobalSection
EndGlobal
